// !$*UTF8*$!
{
	archiveVersion = 1;
	classes = {
	};
	objectVersion = 56;
	objects = {

/* Begin PBXBuildFile section */
		C960CB312AEB9ACA005A2B45 /* pokedexApp.swift in Sources */ = {isa = PBXBuildFile; fileRef = C960CB302AEB9ACA005A2B45 /* pokedexApp.swift */; };
		C960CB332AEB9ACA005A2B45 /* ContentView.swift in Sources */ = {isa = PBXBuildFile; fileRef = C960CB322AEB9ACA005A2B45 /* ContentView.swift */; };
		C960CB352AEB9ACA005A2B45 /* Assets.xcassets in Resources */ = {isa = PBXBuildFile; fileRef = C960CB342AEB9ACA005A2B45 /* Assets.xcassets */; };
		C960CB382AEB9ACA005A2B45 /* Preview Assets.xcassets in Resources */ = {isa = PBXBuildFile; fileRef = C960CB372AEB9ACA005A2B45 /* Preview Assets.xcassets */; };
		C960CB442AEB9B84005A2B45 /* PokemonListScreen.swift in Sources */ = {isa = PBXBuildFile; fileRef = C960CB432AEB9B84005A2B45 /* PokemonListScreen.swift */; };
		C960CB482AEB9BC5005A2B45 /* PokemonListModel.swift in Sources */ = {isa = PBXBuildFile; fileRef = C960CB472AEB9BC5005A2B45 /* PokemonListModel.swift */; };
		C960CB4B2AEB9C67005A2B45 /* PokemonListViewModel.swift in Sources */ = {isa = PBXBuildFile; fileRef = C960CB4A2AEB9C67005A2B45 /* PokemonListViewModel.swift */; };
		C960CB522AEB9D0A005A2B45 /* PokemonDetailModel.swift in Sources */ = {isa = PBXBuildFile; fileRef = C960CB512AEB9D0A005A2B45 /* PokemonDetailModel.swift */; };
		C960CB542AEF1654005A2B45 /* PokemonApi.swift in Sources */ = {isa = PBXBuildFile; fileRef = C960CB532AEF1654005A2B45 /* PokemonApi.swift */; };
/* End PBXBuildFile section */

/* Begin PBXFileReference section */
		C960CB2D2AEB9ACA005A2B45 /* pokedex.app */ = {isa = PBXFileReference; explicitFileType = wrapper.application; includeInIndex = 0; path = pokedex.app; sourceTree = BUILT_PRODUCTS_DIR; };
		C960CB302AEB9ACA005A2B45 /* pokedexApp.swift */ = {isa = PBXFileReference; lastKnownFileType = sourcecode.swift; path = pokedexApp.swift; sourceTree = "<group>"; };
		C960CB322AEB9ACA005A2B45 /* ContentView.swift */ = {isa = PBXFileReference; lastKnownFileType = sourcecode.swift; path = ContentView.swift; sourceTree = "<group>"; };
		C960CB342AEB9ACA005A2B45 /* Assets.xcassets */ = {isa = PBXFileReference; lastKnownFileType = folder.assetcatalog; path = Assets.xcassets; sourceTree = "<group>"; };
		C960CB372AEB9ACA005A2B45 /* Preview Assets.xcassets */ = {isa = PBXFileReference; lastKnownFileType = folder.assetcatalog; path = "Preview Assets.xcassets"; sourceTree = "<group>"; };
		C960CB432AEB9B84005A2B45 /* PokemonListScreen.swift */ = {isa = PBXFileReference; lastKnownFileType = sourcecode.swift; path = PokemonListScreen.swift; sourceTree = "<group>"; };
		C960CB472AEB9BC5005A2B45 /* PokemonListModel.swift */ = {isa = PBXFileReference; lastKnownFileType = sourcecode.swift; path = PokemonListModel.swift; sourceTree = "<group>"; };
		C960CB4A2AEB9C67005A2B45 /* PokemonListViewModel.swift */ = {isa = PBXFileReference; lastKnownFileType = sourcecode.swift; path = PokemonListViewModel.swift; sourceTree = "<group>"; };
		C960CB512AEB9D0A005A2B45 /* PokemonDetailModel.swift */ = {isa = PBXFileReference; lastKnownFileType = sourcecode.swift; path = PokemonDetailModel.swift; sourceTree = "<group>"; };
		C960CB532AEF1654005A2B45 /* PokemonApi.swift */ = {isa = PBXFileReference; lastKnownFileType = sourcecode.swift; path = PokemonApi.swift; sourceTree = "<group>"; };
/* End PBXFileReference section */

/* Begin PBXFrameworksBuildPhase section */
		C960CB2A2AEB9ACA005A2B45 /* Frameworks */ = {
			isa = PBXFrameworksBuildPhase;
			buildActionMask = 2147483647;
			files = (
			);
			runOnlyForDeploymentPostprocessing = 0;
		};
/* End PBXFrameworksBuildPhase section */

/* Begin PBXGroup section */
		C960CB242AEB9ACA005A2B45 = {
			isa = PBXGroup;
			children = (
				C960CB2F2AEB9ACA005A2B45 /* pokedex */,
				C960CB2E2AEB9ACA005A2B45 /* Products */,
			);
			sourceTree = "<group>";
		};
		C960CB2E2AEB9ACA005A2B45 /* Products */ = {
			isa = PBXGroup;
			children = (
				C960CB2D2AEB9ACA005A2B45 /* pokedex.app */,
			);
			name = Products;
			sourceTree = "<group>";
		};
		C960CB2F2AEB9ACA005A2B45 /* pokedex */ = {
			isa = PBXGroup;
			children = (
				C960CB3F2AEB9AFB005A2B45 /* screens */,
				C960CB3E2AEB9AE9005A2B45 /* service */,
				C960CB302AEB9ACA005A2B45 /* pokedexApp.swift */,
				C960CB342AEB9ACA005A2B45 /* Assets.xcassets */,
				C960CB362AEB9ACA005A2B45 /* Preview Content */,
			);
			path = pokedex;
			sourceTree = "<group>";
		};
		C960CB362AEB9ACA005A2B45 /* Preview Content */ = {
			isa = PBXGroup;
			children = (
				C960CB372AEB9ACA005A2B45 /* Preview Assets.xcassets */,
			);
			path = "Preview Content";
			sourceTree = "<group>";
		};
		C960CB3E2AEB9AE9005A2B45 /* service */ = {
			isa = PBXGroup;
			children = (
				C960CB532AEF1654005A2B45 /* PokemonApi.swift */,
			);
			path = service;
			sourceTree = "<group>";
		};
		C960CB3F2AEB9AFB005A2B45 /* screens */ = {
			isa = PBXGroup;
			children = (
				C960CB552AEF18AC005A2B45 /* Model */,
				C960CB422AEB9B58005A2B45 /* PokemonDetailSceren */,
				C960CB412AEB9B42005A2B45 /* PokemonList */,
				C960CB322AEB9ACA005A2B45 /* ContentView.swift */,
			);
			path = screens;
			sourceTree = "<group>";
		};
		C960CB412AEB9B42005A2B45 /* PokemonList */ = {
			isa = PBXGroup;
			children = (
				C960CB4D2AEB9C8B005A2B45 /* View */,
				C960CB4C2AEB9C72005A2B45 /* ViewModel */,
				C960CB492AEB9C5A005A2B45 /* Components */,
			);
			path = PokemonList;
			sourceTree = "<group>";
		};
		C960CB422AEB9B58005A2B45 /* PokemonDetailSceren */ = {
			isa = PBXGroup;
			children = (
				C960CB4F2AEB9CA6005A2B45 /* ViewModel */,
				C960CB4E2AEB9C99005A2B45 /* View */,
			);
			path = PokemonDetailSceren;
			sourceTree = "<group>";
		};
		C960CB492AEB9C5A005A2B45 /* Components */ = {
			isa = PBXGroup;
			children = (
			);
			path = Components;
			sourceTree = "<group>";
		};
		C960CB4C2AEB9C72005A2B45 /* ViewModel */ = {
			isa = PBXGroup;
			children = (
				C960CB4A2AEB9C67005A2B45 /* PokemonListViewModel.swift */,
			);
			path = ViewModel;
			sourceTree = "<group>";
		};
		C960CB4D2AEB9C8B005A2B45 /* View */ = {
			isa = PBXGroup;
			children = (
				C960CB432AEB9B84005A2B45 /* PokemonListScreen.swift */,
			);
			path = View;
			sourceTree = "<group>";
		};
		C960CB4E2AEB9C99005A2B45 /* View */ = {
			isa = PBXGroup;
			children = (
			);
			path = View;
			sourceTree = "<group>";
		};
		C960CB4F2AEB9CA6005A2B45 /* ViewModel */ = {
			isa = PBXGroup;
			children = (
			);
			path = ViewModel;
			sourceTree = "<group>";
		};
		C960CB552AEF18AC005A2B45 /* Model */ = {
			isa = PBXGroup;
			children = (
				C960CB512AEB9D0A005A2B45 /* PokemonDetailModel.swift */,
				C960CB472AEB9BC5005A2B45 /* PokemonListModel.swift */,
			);
			path = Model;
			sourceTree = "<group>";
		};
/* End PBXGroup section */

/* Begin PBXNativeTarget section */
		C960CB2C2AEB9ACA005A2B45 /* pokedex */ = {
			isa = PBXNativeTarget;
			buildConfigurationList = C960CB3B2AEB9ACA005A2B45 /* Build configuration list for PBXNativeTarget "pokedex" */;
			buildPhases = (
				C960CB292AEB9ACA005A2B45 /* Sources */,
				C960CB2A2AEB9ACA005A2B45 /* Frameworks */,
				C960CB2B2AEB9ACA005A2B45 /* Resources */,
			);
			buildRules = (
			);
			dependencies = (
			);
			name = pokedex;
			productName = pokedex;
			productReference = C960CB2D2AEB9ACA005A2B45 /* pokedex.app */;
			productType = "com.apple.product-type.application";
		};
/* End PBXNativeTarget section */

/* Begin PBXProject section */
		C960CB252AEB9ACA005A2B45 /* Project object */ = {
			isa = PBXProject;
			attributes = {
				BuildIndependentTargetsInParallel = 1;
				LastSwiftUpdateCheck = 1430;
				LastUpgradeCheck = 1430;
				TargetAttributes = {
					C960CB2C2AEB9ACA005A2B45 = {
						CreatedOnToolsVersion = 14.3.1;
					};
				};
			};
			buildConfigurationList = C960CB282AEB9ACA005A2B45 /* Build configuration list for PBXProject "pokedex" */;
			compatibilityVersion = "Xcode 14.0";
			developmentRegion = en;
			hasScannedForEncodings = 0;
			knownRegions = (
				en,
				Base,
			);
			mainGroup = C960CB242AEB9ACA005A2B45;
			productRefGroup = C960CB2E2AEB9ACA005A2B45 /* Products */;
			projectDirPath = "";
			projectRoot = "";
			targets = (
				C960CB2C2AEB9ACA005A2B45 /* pokedex */,
			);
		};
/* End PBXProject section */

/* Begin PBXResourcesBuildPhase section */
		C960CB2B2AEB9ACA005A2B45 /* Resources */ = {
			isa = PBXResourcesBuildPhase;
			buildActionMask = 2147483647;
			files = (
				C960CB382AEB9ACA005A2B45 /* Preview Assets.xcassets in Resources */,
				C960CB352AEB9ACA005A2B45 /* Assets.xcassets in Resources */,
			);
			runOnlyForDeploymentPostprocessing = 0;
		};
/* End PBXResourcesBuildPhase section */

/* Begin PBXSourcesBuildPhase section */
		C960CB292AEB9ACA005A2B45 /* Sources */ = {
			isa = PBXSourcesBuildPhase;
			buildActionMask = 2147483647;
			files = (
				C960CB332AEB9ACA005A2B45 /* ContentView.swift in Sources */,
				C960CB482AEB9BC5005A2B45 /* PokemonListModel.swift in Sources */,
				C960CB522AEB9D0A005A2B45 /* PokemonDetailModel.swift in Sources */,
				C960CB312AEB9ACA005A2B45 /* pokedexApp.swift in Sources */,
				C960CB4B2AEB9C67005A2B45 /* PokemonListViewModel.swift in Sources */,
				C960CB542AEF1654005A2B45 /* PokemonApi.swift in Sources */,
				C960CB442AEB9B84005A2B45 /* PokemonListScreen.swift in Sources */,
			);
			runOnlyForDeploymentPostprocessing = 0;
		};
/* End PBXSourcesBuildPhase section */

/* Begin XCBuildConfiguration section */
		C960CB392AEB9ACA005A2B45 /* Debug */ = {
			isa = XCBuildConfiguration;
			buildSettings = {
				ALWAYS_SEARCH_USER_PATHS = NO;
				CLANG_ANALYZER_NONNULL = YES;
				CLANG_ANALYZER_NUMBER_OBJECT_CONVERSION = YES_AGGRESSIVE;
				CLANG_CXX_LANGUAGE_STANDARD = "gnu++20";
				CLANG_ENABLE_MODULES = YES;
				CLANG_ENABLE_OBJC_ARC = YES;
				CLANG_ENABLE_OBJC_WEAK = YES;
				CLANG_WARN_BLOCK_CAPTURE_AUTORELEASING = YES;
				CLANG_WARN_BOOL_CONVERSION = YES;
				CLANG_WARN_COMMA = YES;
				CLANG_WARN_CONSTANT_CONVERSION = YES;
				CLANG_WARN_DEPRECATED_OBJC_IMPLEMENTATIONS = YES;
				CLANG_WARN_DIRECT_OBJC_ISA_USAGE = YES_ERROR;
				CLANG_WARN_DOCUMENTATION_COMMENTS = YES;
				CLANG_WARN_EMPTY_BODY = YES;
				CLANG_WARN_ENUM_CONVERSION = YES;
				CLANG_WARN_INFINITE_RECURSION = YES;
				CLANG_WARN_INT_CONVERSION = YES;
				CLANG_WARN_NON_LITERAL_NULL_CONVERSION = YES;
				CLANG_WARN_OBJC_IMPLICIT_RETAIN_SELF = YES;
				CLANG_WARN_OBJC_LITERAL_CONVERSION = YES;
				CLANG_WARN_OBJC_ROOT_CLASS = YES_ERROR;
				CLANG_WARN_QUOTED_INCLUDE_IN_FRAMEWORK_HEADER = YES;
				CLANG_WARN_RANGE_LOOP_ANALYSIS = YES;
				CLANG_WARN_STRICT_PROTOTYPES = YES;
				CLANG_WARN_SUSPICIOUS_MOVE = YES;
				CLANG_WARN_UNGUARDED_AVAILABILITY = YES_AGGRESSIVE;
				CLANG_WARN_UNREACHABLE_CODE = YES;
				CLANG_WARN__DUPLICATE_METHOD_MATCH = YES;
				COPY_PHASE_STRIP = NO;
				DEBUG_INFORMATION_FORMAT = dwarf;
				ENABLE_STRICT_OBJC_MSGSEND = YES;
				ENABLE_TESTABILITY = YES;
				GCC_C_LANGUAGE_STANDARD = gnu11;
				GCC_DYNAMIC_NO_PIC = NO;
				GCC_NO_COMMON_BLOCKS = YES;
				GCC_OPTIMIZATION_LEVEL = 0;
				GCC_PREPROCESSOR_DEFINITIONS = (
					"DEBUG=1",
					"$(inherited)",
				);
				GCC_WARN_64_TO_32_BIT_CONVERSION = YES;
				GCC_WARN_ABOUT_RETURN_TYPE = YES_ERROR;
				GCC_WARN_UNDECLARED_SELECTOR = YES;
				GCC_WARN_UNINITIALIZED_AUTOS = YES_AGGRESSIVE;
				GCC_WARN_UNUSED_FUNCTION = YES;
				GCC_WARN_UNUSED_VARIABLE = YES;
				IPHONEOS_DEPLOYMENT_TARGET = 16.4;
				MTL_ENABLE_DEBUG_INFO = INCLUDE_SOURCE;
				MTL_FAST_MATH = YES;
				ONLY_ACTIVE_ARCH = YES;
				SDKROOT = iphoneos;
				SWIFT_ACTIVE_COMPILATION_CONDITIONS = DEBUG;
				SWIFT_OPTIMIZATION_LEVEL = "-Onone";
			};
			name = Debug;
		};
		C960CB3A2AEB9ACA005A2B45 /* Release */ = {
			isa = XCBuildConfiguration;
			buildSettings = {
				ALWAYS_SEARCH_USER_PATHS = NO;
				CLANG_ANALYZER_NONNULL = YES;
				CLANG_ANALYZER_NUMBER_OBJECT_CONVERSION = YES_AGGRESSIVE;
				CLANG_CXX_LANGUAGE_STANDARD = "gnu++20";
				CLANG_ENABLE_MODULES = YES;
				CLANG_ENABLE_OBJC_ARC = YES;
				CLANG_ENABLE_OBJC_WEAK = YES;
				CLANG_WARN_BLOCK_CAPTURE_AUTORELEASING = YES;
				CLANG_WARN_BOOL_CONVERSION = YES;
				CLANG_WARN_COMMA = YES;
				CLANG_WARN_CONSTANT_CONVERSION = YES;
				CLANG_WARN_DEPRECATED_OBJC_IMPLEMENTATIONS = YES;
				CLANG_WARN_DIRECT_OBJC_ISA_USAGE = YES_ERROR;
				CLANG_WARN_DOCUMENTATION_COMMENTS = YES;
				CLANG_WARN_EMPTY_BODY = YES;
				CLANG_WARN_ENUM_CONVERSION = YES;
				CLANG_WARN_INFINITE_RECURSION = YES;
				CLANG_WARN_INT_CONVERSION = YES;
				CLANG_WARN_NON_LITERAL_NULL_CONVERSION = YES;
				CLANG_WARN_OBJC_IMPLICIT_RETAIN_SELF = YES;
				CLANG_WARN_OBJC_LITERAL_CONVERSION = YES;
				CLANG_WARN_OBJC_ROOT_CLASS = YES_ERROR;
				CLANG_WARN_QUOTED_INCLUDE_IN_FRAMEWORK_HEADER = YES;
				CLANG_WARN_RANGE_LOOP_ANALYSIS = YES;
				CLANG_WARN_STRICT_PROTOTYPES = YES;
				CLANG_WARN_SUSPICIOUS_MOVE = YES;
				CLANG_WARN_UNGUARDED_AVAILABILITY = YES_AGGRESSIVE;
				CLANG_WARN_UNREACHABLE_CODE = YES;
				CLANG_WARN__DUPLICATE_METHOD_MATCH = YES;
				COPY_PHASE_STRIP = NO;
				DEBUG_INFORMATION_FORMAT = "dwarf-with-dsym";
				ENABLE_NS_ASSERTIONS = NO;
				ENABLE_STRICT_OBJC_MSGSEND = YES;
				GCC_C_LANGUAGE_STANDARD = gnu11;
				GCC_NO_COMMON_BLOCKS = YES;
				GCC_WARN_64_TO_32_BIT_CONVERSION = YES;
				GCC_WARN_ABOUT_RETURN_TYPE = YES_ERROR;
				GCC_WARN_UNDECLARED_SELECTOR = YES;
				GCC_WARN_UNINITIALIZED_AUTOS = YES_AGGRESSIVE;
				GCC_WARN_UNUSED_FUNCTION = YES;
				GCC_WARN_UNUSED_VARIABLE = YES;
				IPHONEOS_DEPLOYMENT_TARGET = 16.4;
				MTL_ENABLE_DEBUG_INFO = NO;
				MTL_FAST_MATH = YES;
				SDKROOT = iphoneos;
				SWIFT_COMPILATION_MODE = wholemodule;
				SWIFT_OPTIMIZATION_LEVEL = "-O";
				VALIDATE_PRODUCT = YES;
			};
			name = Release;
		};
		C960CB3C2AEB9ACA005A2B45 /* Debug */ = {
			isa = XCBuildConfiguration;
			buildSettings = {
				ASSETCATALOG_COMPILER_APPICON_NAME = AppIcon;
				ASSETCATALOG_COMPILER_GLOBAL_ACCENT_COLOR_NAME = AccentColor;
				CODE_SIGN_STYLE = Automatic;
				CURRENT_PROJECT_VERSION = 1;
				DEVELOPMENT_ASSET_PATHS = "\"pokedex/Preview Content\"";
				ENABLE_PREVIEWS = YES;
				GENERATE_INFOPLIST_FILE = YES;
				INFOPLIST_KEY_UIApplicationSceneManifest_Generation = YES;
				INFOPLIST_KEY_UIApplicationSupportsIndirectInputEvents = YES;
				INFOPLIST_KEY_UILaunchScreen_Generation = YES;
				INFOPLIST_KEY_UISupportedInterfaceOrientations_iPad = "UIInterfaceOrientationPortrait UIInterfaceOrientationPortraitUpsideDown UIInterfaceOrientationLandscapeLeft UIInterfaceOrientationLandscapeRight";
				INFOPLIST_KEY_UISupportedInterfaceOrientations_iPhone = "UIInterfaceOrientationPortrait UIInterfaceOrientationLandscapeLeft UIInterfaceOrientationLandscapeRight";
				LD_RUNPATH_SEARCH_PATHS = (
					"$(inherited)",
					"@executable_path/Frameworks",
				);
				MARKETING_VERSION = 1.0;
				PRODUCT_BUNDLE_IDENTIFIER = com.pokedex;
				PRODUCT_NAME = "$(TARGET_NAME)";
				SWIFT_EMIT_LOC_STRINGS = YES;
				SWIFT_VERSION = 5.0;
				TARGETED_DEVICE_FAMILY = "1,2";
			};
			name = Debug;
		};
		C960CB3D2AEB9ACA005A2B45 /* Release */ = {
			isa = XCBuildConfiguration;
			buildSettings = {
				ASSETCATALOG_COMPILER_APPICON_NAME = AppIcon;
				ASSETCATALOG_COMPILER_GLOBAL_ACCENT_COLOR_NAME = AccentColor;
				CODE_SIGN_STYLE = Automatic;
				CURRENT_PROJECT_VERSION = 1;
				DEVELOPMENT_ASSET_PATHS = "\"pokedex/Preview Content\"";
				ENABLE_PREVIEWS = YES;
				GENERATE_INFOPLIST_FILE = YES;
				INFOPLIST_KEY_UIApplicationSceneManifest_Generation = YES;
				INFOPLIST_KEY_UIApplicationSupportsIndirectInputEvents = YES;
				INFOPLIST_KEY_UILaunchScreen_Generation = YES;
				INFOPLIST_KEY_UISupportedInterfaceOrientations_iPad = "UIInterfaceOrientationPortrait UIInterfaceOrientationPortraitUpsideDown UIInterfaceOrientationLandscapeLeft UIInterfaceOrientationLandscapeRight";
				INFOPLIST_KEY_UISupportedInterfaceOrientations_iPhone = "UIInterfaceOrientationPortrait UIInterfaceOrientationLandscapeLeft UIInterfaceOrientationLandscapeRight";
				LD_RUNPATH_SEARCH_PATHS = (
					"$(inherited)",
					"@executable_path/Frameworks",
				);
				MARKETING_VERSION = 1.0;
				PRODUCT_BUNDLE_IDENTIFIER = com.pokedex;
				PRODUCT_NAME = "$(TARGET_NAME)";
				SWIFT_EMIT_LOC_STRINGS = YES;
				SWIFT_VERSION = 5.0;
				TARGETED_DEVICE_FAMILY = "1,2";
			};
			name = Release;
		};
/* End XCBuildConfiguration section */

/* Begin XCConfigurationList section */
		C960CB282AEB9ACA005A2B45 /* Build configuration list for PBXProject "pokedex" */ = {
			isa = XCConfigurationList;
			buildConfigurations = (
				C960CB392AEB9ACA005A2B45 /* Debug */,
				C960CB3A2AEB9ACA005A2B45 /* Release */,
			);
			defaultConfigurationIsVisible = 0;
			defaultConfigurationName = Release;
		};
		C960CB3B2AEB9ACA005A2B45 /* Build configuration list for PBXNativeTarget "pokedex" */ = {
			isa = XCConfigurationList;
			buildConfigurations = (
				C960CB3C2AEB9ACA005A2B45 /* Debug */,
				C960CB3D2AEB9ACA005A2B45 /* Release */,
			);
			defaultConfigurationIsVisible = 0;
			defaultConfigurationName = Release;
		};
/* End XCConfigurationList section */
	};
	rootObject = C960CB252AEB9ACA005A2B45 /* Project object */;
}
